
Microsoft Visual Studio Solution File, Format Version 12.00
# Visual Studio Version 17
VisualStudioVersion = 17.0.31903.59
MinimumVisualStudioVersion = 10.0.40219.1
Project("{2150E333-8FDC-42A3-9474-1A3956D46DE8}") = "src", "src", "{827E0CD3-B72D-47B6-A68D-7590B98EB39B}"
EndProject
Project("{FAE04EC0-301F-11D3-BF4B-00C04F79EFBC}") = "Broca.ActivityPub.Core", "src\Broca.ActivityPub.Core\Broca.ActivityPub.Core.csproj", "{7944EAE9-6727-4DFF-80DD-1111B9339514}"
EndProject
Project("{FAE04EC0-301F-11D3-BF4B-00C04F79EFBC}") = "Broca.ActivityPub.Client", "src\Broca.ActivityPub.Client\Broca.ActivityPub.Client.csproj", "{E3D43A8C-ACA5-48C4-A798-9F34425AC65F}"
EndProject
Project("{FAE04EC0-301F-11D3-BF4B-00C04F79EFBC}") = "Broca.ActivityPub.Server", "src\Broca.ActivityPub.Server\Broca.ActivityPub.Server.csproj", "{74E8038C-BB28-490C-9382-4A11FDF87FC9}"
EndProject
Project("{FAE04EC0-301F-11D3-BF4B-00C04F79EFBC}") = "Broca.ActivityPub.Components", "src\Broca.ActivityPub.Components\Broca.ActivityPub.Components.csproj", "{E8D84EE1-8105-4839-B966-C21E55D60BD9}"
EndProject
Project("{FAE04EC0-301F-11D3-BF4B-00C04F79EFBC}") = "Broca.ActivityPub.Persistence", "src\Broca.ActivityPub.Persistence\Broca.ActivityPub.Persistence.csproj", "{05958A18-DF51-4FA8-BB35-97C59C8E2799}"
EndProject
Project("{2150E333-8FDC-42A3-9474-1A3956D46DE8}") = "samples", "samples", "{5D20AA90-6969-D8BD-9DCD-8634F4692FDA}"
EndProject
Project("{FAE04EC0-301F-11D3-BF4B-00C04F79EFBC}") = "Broca.Sample.WebApi", "samples\Broca.Sample.WebApi\Broca.Sample.WebApi.csproj", "{3C5B8D80-AC03-4EE9-A8C8-4BBC96CB6DDE}"
EndProject
Project("{FAE04EC0-301F-11D3-BF4B-00C04F79EFBC}") = "Broca.Sample.BlazorApp", "samples\Broca.Sample.BlazorApp\Broca.Sample.BlazorApp.csproj", "{F4075288-D484-4F94-BA64-3B9EA24E21C3}"
EndProject
Project("{2150E333-8FDC-42A3-9474-1A3956D46DE8}") = "tests", "tests", "{0AB3BF05-4346-4AA6-1389-037BE0695223}"
EndProject
Project("{FAE04EC0-301F-11D3-BF4B-00C04F79EFBC}") = "Broca.ActivityPub.IntegrationTests", "tests\Broca.ActivityPub.IntegrationTests\Broca.ActivityPub.IntegrationTests.csproj", "{D035D003-DA02-4F12-BD6C-47B338E53C03}"
EndProject
Project("{FAE04EC0-301F-11D3-BF4B-00C04F79EFBC}") = "Broca.ActivityPub.UnitTests", "tests\Broca.ActivityPub.UnitTests\Broca.ActivityPub.UnitTests.csproj", "{B8E2C4F1-9A3D-4E5B-8F7C-1234567890AB}"
EndProject
Project("{FAE04EC0-301F-11D3-BF4B-00C04F79EFBC}") = "Broca.API", "src\Broca.API\Broca.API.csproj", "{71238507-B44F-4FF7-848C-FEDF4CDA29FD}"
EndProject
Project("{FAE04EC0-301F-11D3-BF4B-00C04F79EFBC}") = "Broca.Web", "src\Broca.Web\Broca.Web.csproj", "{664ECEF2-8938-4BEA-9D1E-BC3D0C5EC4D0}"
EndProject
Global
	GlobalSection(SolutionConfigurationPlatforms) = preSolution
		Debug|Any CPU = Debug|Any CPU
		Debug|x64 = Debug|x64
		Debug|x86 = Debug|x86
		Release|Any CPU = Release|Any CPU
		Release|x64 = Release|x64
		Release|x86 = Release|x86
	EndGlobalSection
	GlobalSection(ProjectConfigurationPlatforms) = postSolution
		{7944EAE9-6727-4DFF-80DD-1111B9339514}.Debug|Any CPU.ActiveCfg = Debug|Any CPU
		{7944EAE9-6727-4DFF-80DD-1111B9339514}.Debug|Any CPU.Build.0 = Debug|Any CPU
		{7944EAE9-6727-4DFF-80DD-1111B9339514}.Debug|x64.ActiveCfg = Debug|Any CPU
		{7944EAE9-6727-4DFF-80DD-1111B9339514}.Debug|x64.Build.0 = Debug|Any CPU
		{7944EAE9-6727-4DFF-80DD-1111B9339514}.Debug|x86.ActiveCfg = Debug|Any CPU
		{7944EAE9-6727-4DFF-80DD-1111B9339514}.Debug|x86.Build.0 = Debug|Any CPU
		{7944EAE9-6727-4DFF-80DD-1111B9339514}.Release|Any CPU.ActiveCfg = Release|Any CPU
		{7944EAE9-6727-4DFF-80DD-1111B9339514}.Release|Any CPU.Build.0 = Release|Any CPU
		{7944EAE9-6727-4DFF-80DD-1111B9339514}.Release|x64.ActiveCfg = Release|Any CPU
		{7944EAE9-6727-4DFF-80DD-1111B9339514}.Release|x64.Build.0 = Release|Any CPU
		{7944EAE9-6727-4DFF-80DD-1111B9339514}.Release|x86.ActiveCfg = Release|Any CPU
		{7944EAE9-6727-4DFF-80DD-1111B9339514}.Release|x86.Build.0 = Release|Any CPU
		{E3D43A8C-ACA5-48C4-A798-9F34425AC65F}.Debug|Any CPU.ActiveCfg = Debug|Any CPU
		{E3D43A8C-ACA5-48C4-A798-9F34425AC65F}.Debug|Any CPU.Build.0 = Debug|Any CPU
		{E3D43A8C-ACA5-48C4-A798-9F34425AC65F}.Debug|x64.ActiveCfg = Debug|Any CPU
		{E3D43A8C-ACA5-48C4-A798-9F34425AC65F}.Debug|x64.Build.0 = Debug|Any CPU
		{E3D43A8C-ACA5-48C4-A798-9F34425AC65F}.Debug|x86.ActiveCfg = Debug|Any CPU
		{E3D43A8C-ACA5-48C4-A798-9F34425AC65F}.Debug|x86.Build.0 = Debug|Any CPU
		{E3D43A8C-ACA5-48C4-A798-9F34425AC65F}.Release|Any CPU.ActiveCfg = Release|Any CPU
		{E3D43A8C-ACA5-48C4-A798-9F34425AC65F}.Release|Any CPU.Build.0 = Release|Any CPU
		{E3D43A8C-ACA5-48C4-A798-9F34425AC65F}.Release|x64.ActiveCfg = Release|Any CPU
		{E3D43A8C-ACA5-48C4-A798-9F34425AC65F}.Release|x64.Build.0 = Release|Any CPU
		{E3D43A8C-ACA5-48C4-A798-9F34425AC65F}.Release|x86.ActiveCfg = Release|Any CPU
		{E3D43A8C-ACA5-48C4-A798-9F34425AC65F}.Release|x86.Build.0 = Release|Any CPU
		{74E8038C-BB28-490C-9382-4A11FDF87FC9}.Debug|Any CPU.ActiveCfg = Debug|Any CPU
		{74E8038C-BB28-490C-9382-4A11FDF87FC9}.Debug|Any CPU.Build.0 = Debug|Any CPU
		{74E8038C-BB28-490C-9382-4A11FDF87FC9}.Debug|x64.ActiveCfg = Debug|Any CPU
		{74E8038C-BB28-490C-9382-4A11FDF87FC9}.Debug|x64.Build.0 = Debug|Any CPU
		{74E8038C-BB28-490C-9382-4A11FDF87FC9}.Debug|x86.ActiveCfg = Debug|Any CPU
		{74E8038C-BB28-490C-9382-4A11FDF87FC9}.Debug|x86.Build.0 = Debug|Any CPU
		{74E8038C-BB28-490C-9382-4A11FDF87FC9}.Release|Any CPU.ActiveCfg = Release|Any CPU
		{74E8038C-BB28-490C-9382-4A11FDF87FC9}.Release|Any CPU.Build.0 = Release|Any CPU
		{74E8038C-BB28-490C-9382-4A11FDF87FC9}.Release|x64.ActiveCfg = Release|Any CPU
		{74E8038C-BB28-490C-9382-4A11FDF87FC9}.Release|x64.Build.0 = Release|Any CPU
		{74E8038C-BB28-490C-9382-4A11FDF87FC9}.Release|x86.ActiveCfg = Release|Any CPU
		{74E8038C-BB28-490C-9382-4A11FDF87FC9}.Release|x86.Build.0 = Release|Any CPU
		{E8D84EE1-8105-4839-B966-C21E55D60BD9}.Debug|Any CPU.ActiveCfg = Debug|Any CPU
		{E8D84EE1-8105-4839-B966-C21E55D60BD9}.Debug|Any CPU.Build.0 = Debug|Any CPU
		{E8D84EE1-8105-4839-B966-C21E55D60BD9}.Debug|x64.ActiveCfg = Debug|Any CPU
		{E8D84EE1-8105-4839-B966-C21E55D60BD9}.Debug|x64.Build.0 = Debug|Any CPU
		{E8D84EE1-8105-4839-B966-C21E55D60BD9}.Debug|x86.ActiveCfg = Debug|Any CPU
		{E8D84EE1-8105-4839-B966-C21E55D60BD9}.Debug|x86.Build.0 = Debug|Any CPU
		{E8D84EE1-8105-4839-B966-C21E55D60BD9}.Release|Any CPU.ActiveCfg = Release|Any CPU
		{E8D84EE1-8105-4839-B966-C21E55D60BD9}.Release|Any CPU.Build.0 = Release|Any CPU
		{E8D84EE1-8105-4839-B966-C21E55D60BD9}.Release|x64.ActiveCfg = Release|Any CPU
		{E8D84EE1-8105-4839-B966-C21E55D60BD9}.Release|x64.Build.0 = Release|Any CPU
		{E8D84EE1-8105-4839-B966-C21E55D60BD9}.Release|x86.ActiveCfg = Release|Any CPU
		{E8D84EE1-8105-4839-B966-C21E55D60BD9}.Release|x86.Build.0 = Release|Any CPU
		{05958A18-DF51-4FA8-BB35-97C59C8E2799}.Debug|Any CPU.ActiveCfg = Debug|Any CPU
		{05958A18-DF51-4FA8-BB35-97C59C8E2799}.Debug|Any CPU.Build.0 = Debug|Any CPU
		{05958A18-DF51-4FA8-BB35-97C59C8E2799}.Debug|x64.ActiveCfg = Debug|Any CPU
		{05958A18-DF51-4FA8-BB35-97C59C8E2799}.Debug|x64.Build.0 = Debug|Any CPU
		{05958A18-DF51-4FA8-BB35-97C59C8E2799}.Debug|x86.ActiveCfg = Debug|Any CPU
		{05958A18-DF51-4FA8-BB35-97C59C8E2799}.Debug|x86.Build.0 = Debug|Any CPU
		{05958A18-DF51-4FA8-BB35-97C59C8E2799}.Release|Any CPU.ActiveCfg = Release|Any CPU
		{05958A18-DF51-4FA8-BB35-97C59C8E2799}.Release|Any CPU.Build.0 = Release|Any CPU
		{05958A18-DF51-4FA8-BB35-97C59C8E2799}.Release|x64.ActiveCfg = Release|Any CPU
		{05958A18-DF51-4FA8-BB35-97C59C8E2799}.Release|x64.Build.0 = Release|Any CPU
		{05958A18-DF51-4FA8-BB35-97C59C8E2799}.Release|x86.ActiveCfg = Release|Any CPU
		{05958A18-DF51-4FA8-BB35-97C59C8E2799}.Release|x86.Build.0 = Release|Any CPU
		{3C5B8D80-AC03-4EE9-A8C8-4BBC96CB6DDE}.Debug|Any CPU.ActiveCfg = Debug|Any CPU
		{3C5B8D80-AC03-4EE9-A8C8-4BBC96CB6DDE}.Debug|Any CPU.Build.0 = Debug|Any CPU
		{3C5B8D80-AC03-4EE9-A8C8-4BBC96CB6DDE}.Debug|x64.ActiveCfg = Debug|Any CPU
		{3C5B8D80-AC03-4EE9-A8C8-4BBC96CB6DDE}.Debug|x64.Build.0 = Debug|Any CPU
		{3C5B8D80-AC03-4EE9-A8C8-4BBC96CB6DDE}.Debug|x86.ActiveCfg = Debug|Any CPU
		{3C5B8D80-AC03-4EE9-A8C8-4BBC96CB6DDE}.Debug|x86.Build.0 = Debug|Any CPU
		{3C5B8D80-AC03-4EE9-A8C8-4BBC96CB6DDE}.Release|Any CPU.ActiveCfg = Release|Any CPU
		{3C5B8D80-AC03-4EE9-A8C8-4BBC96CB6DDE}.Release|Any CPU.Build.0 = Release|Any CPU
		{3C5B8D80-AC03-4EE9-A8C8-4BBC96CB6DDE}.Release|x64.ActiveCfg = Release|Any CPU
		{3C5B8D80-AC03-4EE9-A8C8-4BBC96CB6DDE}.Release|x64.Build.0 = Release|Any CPU
		{3C5B8D80-AC03-4EE9-A8C8-4BBC96CB6DDE}.Release|x86.ActiveCfg = Release|Any CPU
		{3C5B8D80-AC03-4EE9-A8C8-4BBC96CB6DDE}.Release|x86.Build.0 = Release|Any CPU
		{F4075288-D484-4F94-BA64-3B9EA24E21C3}.Debug|Any CPU.ActiveCfg = Debug|Any CPU
		{F4075288-D484-4F94-BA64-3B9EA24E21C3}.Debug|Any CPU.Build.0 = Debug|Any CPU
		{F4075288-D484-4F94-BA64-3B9EA24E21C3}.Debug|x64.ActiveCfg = Debug|Any CPU
		{F4075288-D484-4F94-BA64-3B9EA24E21C3}.Debug|x64.Build.0 = Debug|Any CPU
		{F4075288-D484-4F94-BA64-3B9EA24E21C3}.Debug|x86.ActiveCfg = Debug|Any CPU
		{F4075288-D484-4F94-BA64-3B9EA24E21C3}.Debug|x86.Build.0 = Debug|Any CPU
		{F4075288-D484-4F94-BA64-3B9EA24E21C3}.Release|Any CPU.ActiveCfg = Release|Any CPU
		{F4075288-D484-4F94-BA64-3B9EA24E21C3}.Release|Any CPU.Build.0 = Release|Any CPU
		{F4075288-D484-4F94-BA64-3B9EA24E21C3}.Release|x64.ActiveCfg = Release|Any CPU
		{F4075288-D484-4F94-BA64-3B9EA24E21C3}.Release|x64.Build.0 = Release|Any CPU
		{F4075288-D484-4F94-BA64-3B9EA24E21C3}.Release|x86.ActiveCfg = Release|Any CPU
		{F4075288-D484-4F94-BA64-3B9EA24E21C3}.Release|x86.Build.0 = Release|Any CPU
		{D035D003-DA02-4F12-BD6C-47B338E53C03}.Debug|Any CPU.ActiveCfg = Debug|Any CPU
		{D035D003-DA02-4F12-BD6C-47B338E53C03}.Debug|Any CPU.Build.0 = Debug|Any CPU
		{D035D003-DA02-4F12-BD6C-47B338E53C03}.Debug|x64.ActiveCfg = Debug|Any CPU
		{D035D003-DA02-4F12-BD6C-47B338E53C03}.Debug|x64.Build.0 = Debug|Any CPU
		{D035D003-DA02-4F12-BD6C-47B338E53C03}.Debug|x86.ActiveCfg = Debug|Any CPU
		{D035D003-DA02-4F12-BD6C-47B338E53C03}.Debug|x86.Build.0 = Debug|Any CPU
		{D035D003-DA02-4F12-BD6C-47B338E53C03}.Release|Any CPU.ActiveCfg = Release|Any CPU
		{D035D003-DA02-4F12-BD6C-47B338E53C03}.Release|Any CPU.Build.0 = Release|Any CPU
		{D035D003-DA02-4F12-BD6C-47B338E53C03}.Release|x64.ActiveCfg = Release|Any CPU
		{D035D003-DA02-4F12-BD6C-47B338E53C03}.Release|x64.Build.0 = Release|Any CPU
		{D035D003-DA02-4F12-BD6C-47B338E53C03}.Release|x86.ActiveCfg = Release|Any CPU
		{D035D003-DA02-4F12-BD6C-47B338E53C03}.Release|x86.Build.0 = Release|Any CPU
		{B8E2C4F1-9A3D-4E5B-8F7C-1234567890AB}.Debug|Any CPU.ActiveCfg = Debug|Any CPU
		{B8E2C4F1-9A3D-4E5B-8F7C-1234567890AB}.Debug|Any CPU.Build.0 = Debug|Any CPU
		{B8E2C4F1-9A3D-4E5B-8F7C-1234567890AB}.Debug|x64.ActiveCfg = Debug|Any CPU
		{B8E2C4F1-9A3D-4E5B-8F7C-1234567890AB}.Debug|x64.Build.0 = Debug|Any CPU
		{B8E2C4F1-9A3D-4E5B-8F7C-1234567890AB}.Debug|x86.ActiveCfg = Debug|Any CPU
		{B8E2C4F1-9A3D-4E5B-8F7C-1234567890AB}.Debug|x86.Build.0 = Debug|Any CPU
		{B8E2C4F1-9A3D-4E5B-8F7C-1234567890AB}.Release|Any CPU.ActiveCfg = Release|Any CPU
		{B8E2C4F1-9A3D-4E5B-8F7C-1234567890AB}.Release|Any CPU.Build.0 = Release|Any CPU
		{B8E2C4F1-9A3D-4E5B-8F7C-1234567890AB}.Release|x64.ActiveCfg = Release|Any CPU
		{B8E2C4F1-9A3D-4E5B-8F7C-1234567890AB}.Release|x64.Build.0 = Release|Any CPU
		{B8E2C4F1-9A3D-4E5B-8F7C-1234567890AB}.Release|x86.ActiveCfg = Release|Any CPU
		{B8E2C4F1-9A3D-4E5B-8F7C-1234567890AB}.Release|x86.Build.0 = Release|Any CPU
		{71238507-B44F-4FF7-848C-FEDF4CDA29FD}.Debug|Any CPU.ActiveCfg = Debug|Any CPU
		{71238507-B44F-4FF7-848C-FEDF4CDA29FD}.Debug|Any CPU.Build.0 = Debug|Any CPU
		{71238507-B44F-4FF7-848C-FEDF4CDA29FD}.Debug|x64.ActiveCfg = Debug|Any CPU
		{71238507-B44F-4FF7-848C-FEDF4CDA29FD}.Debug|x64.Build.0 = Debug|Any CPU
		{71238507-B44F-4FF7-848C-FEDF4CDA29FD}.Debug|x86.ActiveCfg = Debug|Any CPU
		{71238507-B44F-4FF7-848C-FEDF4CDA29FD}.Debug|x86.Build.0 = Debug|Any CPU
		{71238507-B44F-4FF7-848C-FEDF4CDA29FD}.Release|Any CPU.ActiveCfg = Release|Any CPU
		{71238507-B44F-4FF7-848C-FEDF4CDA29FD}.Release|Any CPU.Build.0 = Release|Any CPU
		{71238507-B44F-4FF7-848C-FEDF4CDA29FD}.Release|x64.ActiveCfg = Release|Any CPU
		{71238507-B44F-4FF7-848C-FEDF4CDA29FD}.Release|x64.Build.0 = Release|Any CPU
		{71238507-B44F-4FF7-848C-FEDF4CDA29FD}.Release|x86.ActiveCfg = Release|Any CPU
		{71238507-B44F-4FF7-848C-FEDF4CDA29FD}.Release|x86.Build.0 = Release|Any CPU
		{664ECEF2-8938-4BEA-9D1E-BC3D0C5EC4D0}.Debug|Any CPU.ActiveCfg = Debug|Any CPU
		{664ECEF2-8938-4BEA-9D1E-BC3D0C5EC4D0}.Debug|Any CPU.Build.0 = Debug|Any CPU
		{664ECEF2-8938-4BEA-9D1E-BC3D0C5EC4D0}.Debug|x64.ActiveCfg = Debug|Any CPU
		{664ECEF2-8938-4BEA-9D1E-BC3D0C5EC4D0}.Debug|x64.Build.0 = Debug|Any CPU
		{664ECEF2-8938-4BEA-9D1E-BC3D0C5EC4D0}.Debug|x86.ActiveCfg = Debug|Any CPU
		{664ECEF2-8938-4BEA-9D1E-BC3D0C5EC4D0}.Debug|x86.Build.0 = Debug|Any CPU
		{664ECEF2-8938-4BEA-9D1E-BC3D0C5EC4D0}.Release|Any CPU.ActiveCfg = Release|Any CPU
		{664ECEF2-8938-4BEA-9D1E-BC3D0C5EC4D0}.Release|Any CPU.Build.0 = Release|Any CPU
		{664ECEF2-8938-4BEA-9D1E-BC3D0C5EC4D0}.Release|x64.ActiveCfg = Release|Any CPU
		{664ECEF2-8938-4BEA-9D1E-BC3D0C5EC4D0}.Release|x64.Build.0 = Release|Any CPU
		{664ECEF2-8938-4BEA-9D1E-BC3D0C5EC4D0}.Release|x86.ActiveCfg = Release|Any CPU
		{664ECEF2-8938-4BEA-9D1E-BC3D0C5EC4D0}.Release|x86.Build.0 = Release|Any CPU
	EndGlobalSection
	GlobalSection(SolutionProperties) = preSolution
		HideSolutionNode = FALSE
	EndGlobalSection
	GlobalSection(NestedProjects) = preSolution
		{7944EAE9-6727-4DFF-80DD-1111B9339514} = {827E0CD3-B72D-47B6-A68D-7590B98EB39B}
		{E3D43A8C-ACA5-48C4-A798-9F34425AC65F} = {827E0CD3-B72D-47B6-A68D-7590B98EB39B}
		{74E8038C-BB28-490C-9382-4A11FDF87FC9} = {827E0CD3-B72D-47B6-A68D-7590B98EB39B}
		{E8D84EE1-8105-4839-B966-C21E55D60BD9} = {827E0CD3-B72D-47B6-A68D-7590B98EB39B}
		{05958A18-DF51-4FA8-BB35-97C59C8E2799} = {827E0CD3-B72D-47B6-A68D-7590B98EB39B}
		{3C5B8D80-AC03-4EE9-A8C8-4BBC96CB6DDE} = {5D20AA90-6969-D8BD-9DCD-8634F4692FDA}
		{F4075288-D484-4F94-BA64-3B9EA24E21C3} = {5D20AA90-6969-D8BD-9DCD-8634F4692FDA}
		{D035D003-DA02-4F12-BD6C-47B338E53C03} = {0AB3BF05-4346-4AA6-1389-037BE0695223}
		{B8E2C4F1-9A3D-4E5B-8F7C-1234567890AB} = {0AB3BF05-4346-4AA6-1389-037BE0695223}
		{71238507-B44F-4FF7-848C-FEDF4CDA29FD} = {827E0CD3-B72D-47B6-A68D-7590B98EB39B}
		{664ECEF2-8938-4BEA-9D1E-BC3D0C5EC4D0} = {827E0CD3-B72D-47B6-A68D-7590B98EB39B}
	EndGlobalSection
EndGlobal
